// !$*UTF8*$!
{
	archiveVersion = 1;
	classes = {
	};
	objectVersion = 56;
	objects = {

/* Begin PBXBuildFile section */
		35A73F972982349F00A016CD /* CODE_PATH_LEARNINGApp.swift in Sources */ = {isa = PBXBuildFile; fileRef = 35A73F962982349F00A016CD /* CODE_PATH_LEARNINGApp.swift */; };
		35A73F992982349F00A016CD /* ContentView.swift in Sources */ = {isa = PBXBuildFile; fileRef = 35A73F982982349F00A016CD /* ContentView.swift */; };
		35A73F9B298234A100A016CD /* Assets.xcassets in Resources */ = {isa = PBXBuildFile; fileRef = 35A73F9A298234A100A016CD /* Assets.xcassets */; };
		35A73F9F298234A100A016CD /* Preview Assets.xcassets in Resources */ = {isa = PBXBuildFile; fileRef = 35A73F9E298234A100A016CD /* Preview Assets.xcassets */; };
		35A73FA9298234A100A016CD /* CODE_PATH_LEARNINGTests.swift in Sources */ = {isa = PBXBuildFile; fileRef = 35A73FA8298234A100A016CD /* CODE_PATH_LEARNINGTests.swift */; };
		35A73FB3298234A100A016CD /* CODE_PATH_LEARNINGUITests.swift in Sources */ = {isa = PBXBuildFile; fileRef = 35A73FB2298234A100A016CD /* CODE_PATH_LEARNINGUITests.swift */; };
		35A73FB5298234A100A016CD /* CODE_PATH_LEARNINGUITestsLaunchTests.swift in Sources */ = {isa = PBXBuildFile; fileRef = 35A73FB4298234A100A016CD /* CODE_PATH_LEARNINGUITestsLaunchTests.swift */; };
/* End PBXBuildFile section */

/* Begin PBXContainerItemProxy section */
		35A73FA5298234A100A016CD /* PBXContainerItemProxy */ = {
			isa = PBXContainerItemProxy;
			containerPortal = 35A73F8B2982349F00A016CD /* Project object */;
			proxyType = 1;
			remoteGlobalIDString = 35A73F922982349F00A016CD;
			remoteInfo = "CODE PATH LEARNING";
		};
		35A73FAF298234A100A016CD /* PBXContainerItemProxy */ = {
			isa = PBXContainerItemProxy;
			containerPortal = 35A73F8B2982349F00A016CD /* Project object */;
			proxyType = 1;
			remoteGlobalIDString = 35A73F922982349F00A016CD;
			remoteInfo = "CODE PATH LEARNING";
		};
/* End PBXContainerItemProxy section */

/* Begin PBXFileReference section */
		35A73F932982349F00A016CD /* CODE PATH LEARNING.app */ = {isa = PBXFileReference; explicitFileType = wrapper.application; includeInIndex = 0; path = "CODE PATH LEARNING.app"; sourceTree = BUILT_PRODUCTS_DIR; };
		35A73F962982349F00A016CD /* CODE_PATH_LEARNINGApp.swift */ = {isa = PBXFileReference; lastKnownFileType = sourcecode.swift; path = CODE_PATH_LEARNINGApp.swift; sourceTree = "<group>"; };
		35A73F982982349F00A016CD /* ContentView.swift */ = {isa = PBXFileReference; lastKnownFileType = sourcecode.swift; path = ContentView.swift; sourceTree = "<group>"; };
		35A73F9A298234A100A016CD /* Assets.xcassets */ = {isa = PBXFileReference; lastKnownFileType = folder.assetcatalog; path = Assets.xcassets; sourceTree = "<group>"; };
		35A73F9C298234A100A016CD /* CODE_PATH_LEARNING.entitlements */ = {isa = PBXFileReference; lastKnownFileType = text.plist.entitlements; path = CODE_PATH_LEARNING.entitlements; sourceTree = "<group>"; };
		35A73F9E298234A100A016CD /* Preview Assets.xcassets */ = {isa = PBXFileReference; lastKnownFileType = folder.assetcatalog; path = "Preview Assets.xcassets"; sourceTree = "<group>"; };
		35A73FA4298234A100A016CD /* CODE PATH LEARNINGTests.xctest */ = {isa = PBXFileReference; explicitFileType = wrapper.cfbundle; includeInIndex = 0; path = "CODE PATH LEARNINGTests.xctest"; sourceTree = BUILT_PRODUCTS_DIR; };
		35A73FA8298234A100A016CD /* CODE_PATH_LEARNINGTests.swift */ = {isa = PBXFileReference; lastKnownFileType = sourcecode.swift; path = CODE_PATH_LEARNINGTests.swift; sourceTree = "<group>"; };
		35A73FAE298234A100A016CD /* CODE PATH LEARNINGUITests.xctest */ = {isa = PBXFileReference; explicitFileType = wrapper.cfbundle; includeInIndex = 0; path = "CODE PATH LEARNINGUITests.xctest"; sourceTree = BUILT_PRODUCTS_DIR; };
		35A73FB2298234A100A016CD /* CODE_PATH_LEARNINGUITests.swift */ = {isa = PBXFileReference; lastKnownFileType = sourcecode.swift; path = CODE_PATH_LEARNINGUITests.swift; sourceTree = "<group>"; };
		35A73FB4298234A100A016CD /* CODE_PATH_LEARNINGUITestsLaunchTests.swift */ = {isa = PBXFileReference; lastKnownFileType = sourcecode.swift; path = CODE_PATH_LEARNINGUITestsLaunchTests.swift; sourceTree = "<group>"; };
/* End PBXFileReference section */

/* Begin PBXFrameworksBuildPhase section */
		35A73F902982349F00A016CD /* Frameworks */ = {
			isa = PBXFrameworksBuildPhase;
			buildActionMask = 2147483647;
			files = (
			);
			runOnlyForDeploymentPostprocessing = 0;
		};
		35A73FA1298234A100A016CD /* Frameworks */ = {
			isa = PBXFrameworksBuildPhase;
			buildActionMask = 2147483647;
			files = (
			);
			runOnlyForDeploymentPostprocessing = 0;
		};
		35A73FAB298234A100A016CD /* Frameworks */ = {
			isa = PBXFrameworksBuildPhase;
			buildActionMask = 2147483647;
			files = (
			);
			runOnlyForDeploymentPostprocessing = 0;
		};
/* End PBXFrameworksBuildPhase section */

/* Begin PBXGroup section */
		35A73F8A2982349F00A016CD = {
			isa = PBXGroup;
			children = (
				35A73F952982349F00A016CD /* CODE PATH LEARNING */,
				35A73FA7298234A100A016CD /* CODE PATH LEARNINGTests */,
				35A73FB1298234A100A016CD /* CODE PATH LEARNINGUITests */,
				35A73F942982349F00A016CD /* Products */,
			);
			sourceTree = "<group>";
		};
		35A73F942982349F00A016CD /* Products */ = {
			isa = PBXGroup;
			children = (
				35A73F932982349F00A016CD /* CODE PATH LEARNING.app */,
				35A73FA4298234A100A016CD /* CODE PATH LEARNINGTests.xctest */,
				35A73FAE298234A100A016CD /* CODE PATH LEARNINGUITests.xctest */,
			);
			name = Products;
			sourceTree = "<group>";
		};
		35A73F952982349F00A016CD /* CODE PATH LEARNING */ = {
			isa = PBXGroup;
			children = (
				35A73F962982349F00A016CD /* CODE_PATH_LEARNINGApp.swift */,
				35A73F982982349F00A016CD /* ContentView.swift */,
				35A73F9A298234A100A016CD /* Assets.xcassets */,
				35A73F9C298234A100A016CD /* CODE_PATH_LEARNING.entitlements */,
				35A73F9D298234A100A016CD /* Preview Content */,
			);
			path = "CODE PATH LEARNING";
			sourceTree = "<group>";
		};
		35A73F9D298234A100A016CD /* Preview Content */ = {
			isa = PBXGroup;
			children = (
				35A73F9E298234A100A016CD /* Preview Assets.xcassets */,
			);
			path = "Preview Content";
			sourceTree = "<group>";
		};
		35A73FA7298234A100A016CD /* CODE PATH LEARNINGTests */ = {
			isa = PBXGroup;
			children = (
				35A73FA8298234A100A016CD /* CODE_PATH_LEARNINGTests.swift */,
			);
			path = "CODE PATH LEARNINGTests";
			sourceTree = "<group>";
		};
		35A73FB1298234A100A016CD /* CODE PATH LEARNINGUITests */ = {
			isa = PBXGroup;
			children = (
				35A73FB2298234A100A016CD /* CODE_PATH_LEARNINGUITests.swift */,
				35A73FB4298234A100A016CD /* CODE_PATH_LEARNINGUITestsLaunchTests.swift */,
			);
			path = "CODE PATH LEARNINGUITests";
			sourceTree = "<group>";
		};
/* End PBXGroup section */

/* Begin PBXNativeTarget section */
		35A73F922982349F00A016CD /* CODE PATH LEARNING */ = {
			isa = PBXNativeTarget;
			buildConfigurationList = 35A73FB8298234A100A016CD /* Build configuration list for PBXNativeTarget "CODE PATH LEARNING" */;
			buildPhases = (
				35A73F8F2982349F00A016CD /* Sources */,
				35A73F902982349F00A016CD /* Frameworks */,
				35A73F912982349F00A016CD /* Resources */,
			);
			buildRules = (
			);
			dependencies = (
			);
			name = "CODE PATH LEARNING";
			productName = "CODE PATH LEARNING";
			productReference = 35A73F932982349F00A016CD /* CODE PATH LEARNING.app */;
			productType = "com.apple.product-type.application";
		};
		35A73FA3298234A100A016CD /* CODE PATH LEARNINGTests */ = {
			isa = PBXNativeTarget;
			buildConfigurationList = 35A73FBB298234A100A016CD /* Build configuration list for PBXNativeTarget "CODE PATH LEARNINGTests" */;
			buildPhases = (
				35A73FA0298234A100A016CD /* Sources */,
				35A73FA1298234A100A016CD /* Frameworks */,
				35A73FA2298234A100A016CD /* Resources */,
			);
			buildRules = (
			);
			dependencies = (
				35A73FA6298234A100A016CD /* PBXTargetDependency */,
			);
			name = "CODE PATH LEARNINGTests";
			productName = "CODE PATH LEARNINGTests";
			productReference = 35A73FA4298234A100A016CD /* CODE PATH LEARNINGTests.xctest */;
			productType = "com.apple.product-type.bundle.unit-test";
		};
		35A73FAD298234A100A016CD /* CODE PATH LEARNINGUITests */ = {
			isa = PBXNativeTarget;
			buildConfigurationList = 35A73FBE298234A100A016CD /* Build configuration list for PBXNativeTarget "CODE PATH LEARNINGUITests" */;
			buildPhases = (
				35A73FAA298234A100A016CD /* Sources */,
				35A73FAB298234A100A016CD /* Frameworks */,
				35A73FAC298234A100A016CD /* Resources */,
			);
			buildRules = (
			);
			dependencies = (
				35A73FB0298234A100A016CD /* PBXTargetDependency */,
			);
			name = "CODE PATH LEARNINGUITests";
			productName = "CODE PATH LEARNINGUITests";
			productReference = 35A73FAE298234A100A016CD /* CODE PATH LEARNINGUITests.xctest */;
			productType = "com.apple.product-type.bundle.ui-testing";
		};
/* End PBXNativeTarget section */

/* Begin PBXProject section */
		35A73F8B2982349F00A016CD /* Project object */ = {
			isa = PBXProject;
			attributes = {
				BuildIndependentTargetsInParallel = 1;
				LastSwiftUpdateCheck = 1420;
				LastUpgradeCheck = 1420;
				TargetAttributes = {
					35A73F922982349F00A016CD = {
						CreatedOnToolsVersion = 14.2;
					};
					35A73FA3298234A100A016CD = {
						CreatedOnToolsVersion = 14.2;
						TestTargetID = 35A73F922982349F00A016CD;
					};
					35A73FAD298234A100A016CD = {
						CreatedOnToolsVersion = 14.2;
						TestTargetID = 35A73F922982349F00A016CD;
					};
				};
			};
			buildConfigurationList = 35A73F8E2982349F00A016CD /* Build configuration list for PBXProject "CODE PATH LEARNING" */;
			compatibilityVersion = "Xcode 14.0";
			developmentRegion = en;
			hasScannedForEncodings = 0;
			knownRegions = (
				en,
				Base,
			);
			mainGroup = 35A73F8A2982349F00A016CD;
			productRefGroup = 35A73F942982349F00A016CD /* Products */;
			projectDirPath = "";
			projectRoot = "";
			targets = (
				35A73F922982349F00A016CD /* CODE PATH LEARNING */,
				35A73FA3298234A100A016CD /* CODE PATH LEARNINGTests */,
				35A73FAD298234A100A016CD /* CODE PATH LEARNINGUITests */,
			);
		};
/* End PBXProject section */

/* Begin PBXResourcesBuildPhase section */
		35A73F912982349F00A016CD /* Resources */ = {
			isa = PBXResourcesBuildPhase;
			buildActionMask = 2147483647;
			files = (
				35A73F9F298234A100A016CD /* Preview Assets.xcassets in Resources */,
				35A73F9B298234A100A016CD /* Assets.xcassets in Resources */,
			);
			runOnlyForDeploymentPostprocessing = 0;
		};
		35A73FA2298234A100A016CD /* Resources */ = {
			isa = PBXResourcesBuildPhase;
			buildActionMask = 2147483647;
			files = (
			);
			runOnlyForDeploymentPostprocessing = 0;
		};
		35A73FAC298234A100A016CD /* Resources */ = {
			isa = PBXResourcesBuildPhase;
			buildActionMask = 2147483647;
			files = (
			);
			runOnlyForDeploymentPostprocessing = 0;
		};
/* End PBXResourcesBuildPhase section */

/* Begin PBXSourcesBuildPhase section */
		35A73F8F2982349F00A016CD /* Sources */ = {
			isa = PBXSourcesBuildPhase;
			buildActionMask = 2147483647;
			files = (
				35A73F992982349F00A016CD /* ContentView.swift in Sources */,
				35A73F972982349F00A016CD /* CODE_PATH_LEARNINGApp.swift in Sources */,
			);
			runOnlyForDeploymentPostprocessing = 0;
		};
		35A73FA0298234A100A016CD /* Sources */ = {
			isa = PBXSourcesBuildPhase;
			buildActionMask = 2147483647;
			files = (
				35A73FA9298234A100A016CD /* CODE_PATH_LEARNINGTests.swift in Sources */,
			);
			runOnlyForDeploymentPostprocessing = 0;
		};
		35A73FAA298234A100A016CD /* Sources */ = {
			isa = PBXSourcesBuildPhase;
			buildActionMask = 2147483647;
			files = (
				35A73FB5298234A100A016CD /* CODE_PATH_LEARNINGUITestsLaunchTests.swift in Sources */,
				35A73FB3298234A100A016CD /* CODE_PATH_LEARNINGUITests.swift in Sources */,
			);
			runOnlyForDeploymentPostprocessing = 0;
		};
/* End PBXSourcesBuildPhase section */

/* Begin PBXTargetDependency section */
		35A73FA6298234A100A016CD /* PBXTargetDependency */ = {
			isa = PBXTargetDependency;
			target = 35A73F922982349F00A016CD /* CODE PATH LEARNING */;
			targetProxy = 35A73FA5298234A100A016CD /* PBXContainerItemProxy */;
		};
		35A73FB0298234A100A016CD /* PBXTargetDependency */ = {
			isa = PBXTargetDependency;
			target = 35A73F922982349F00A016CD /* CODE PATH LEARNING */;
			targetProxy = 35A73FAF298234A100A016CD /* PBXContainerItemProxy */;
		};
/* End PBXTargetDependency section */

/* Begin XCBuildConfiguration section */
		35A73FB6298234A100A016CD /* Debug */ = {
			isa = XCBuildConfiguration;
			buildSettings = {
				ALWAYS_SEARCH_USER_PATHS = NO;
				CLANG_ANALYZER_NONNULL = YES;
				CLANG_ANALYZER_NUMBER_OBJECT_CONVERSION = YES_AGGRESSIVE;
				CLANG_CXX_LANGUAGE_STANDARD = "gnu++20";
				CLANG_ENABLE_MODULES = YES;
				CLANG_ENABLE_OBJC_ARC = YES;
				CLANG_ENABLE_OBJC_WEAK = YES;
				CLANG_WARN_BLOCK_CAPTURE_AUTORELEASING = YES;
				CLANG_WARN_BOOL_CONVERSION = YES;
				CLANG_WARN_COMMA = YES;
				CLANG_WARN_CONSTANT_CONVERSION = YES;
				CLANG_WARN_DEPRECATED_OBJC_IMPLEMENTATIONS = YES;
				CLANG_WARN_DIRECT_OBJC_ISA_USAGE = YES_ERROR;
				CLANG_WARN_DOCUMENTATION_COMMENTS = YES;
				CLANG_WARN_EMPTY_BODY = YES;
				CLANG_WARN_ENUM_CONVERSION = YES;
				CLANG_WARN_INFINITE_RECURSION = YES;
				CLANG_WARN_INT_CONVERSION = YES;
				CLANG_WARN_NON_LITERAL_NULL_CONVERSION = YES;
				CLANG_WARN_OBJC_IMPLICIT_RETAIN_SELF = YES;
				CLANG_WARN_OBJC_LITERAL_CONVERSION = YES;
				CLANG_WARN_OBJC_ROOT_CLASS = YES_ERROR;
				CLANG_WARN_QUOTED_INCLUDE_IN_FRAMEWORK_HEADER = YES;
				CLANG_WARN_RANGE_LOOP_ANALYSIS = YES;
				CLANG_WARN_STRICT_PROTOTYPES = YES;
				CLANG_WARN_SUSPICIOUS_MOVE = YES;
				CLANG_WARN_UNGUARDED_AVAILABILITY = YES_AGGRESSIVE;
				CLANG_WARN_UNREACHABLE_CODE = YES;
				CLANG_WARN__DUPLICATE_METHOD_MATCH = YES;
				COPY_PHASE_STRIP = NO;
				DEBUG_INFORMATION_FORMAT = dwarf;
				ENABLE_STRICT_OBJC_MSGSEND = YES;
				ENABLE_TESTABILITY = YES;
				GCC_C_LANGUAGE_STANDARD = gnu11;
				GCC_DYNAMIC_NO_PIC = NO;
				GCC_NO_COMMON_BLOCKS = YES;
				GCC_OPTIMIZATION_LEVEL = 0;
				GCC_PREPROCESSOR_DEFINITIONS = (
					"DEBUG=1",
					"$(inherited)",
				);
				GCC_WARN_64_TO_32_BIT_CONVERSION = YES;
				GCC_WARN_ABOUT_RETURN_TYPE = YES_ERROR;
				GCC_WARN_UNDECLARED_SELECTOR = YES;
				GCC_WARN_UNINITIALIZED_AUTOS = YES_AGGRESSIVE;
				GCC_WARN_UNUSED_FUNCTION = YES;
				GCC_WARN_UNUSED_VARIABLE = YES;
				MTL_ENABLE_DEBUG_INFO = INCLUDE_SOURCE;
				MTL_FAST_MATH = YES;
				ONLY_ACTIVE_ARCH = YES;
				SWIFT_ACTIVE_COMPILATION_CONDITIONS = DEBUG;
				SWIFT_OPTIMIZATION_LEVEL = "-Onone";
			};
			name = Debug;
		};
		35A73FB7298234A100A016CD /* Release */ = {
			isa = XCBuildConfiguration;
			buildSettings = {
				ALWAYS_SEARCH_USER_PATHS = NO;
				CLANG_ANALYZER_NONNULL = YES;
				CLANG_ANALYZER_NUMBER_OBJECT_CONVERSION = YES_AGGRESSIVE;
				CLANG_CXX_LANGUAGE_STANDARD = "gnu++20";
				CLANG_ENABLE_MODULES = YES;
				CLANG_ENABLE_OBJC_ARC = YES;
				CLANG_ENABLE_OBJC_WEAK = YES;
				CLANG_WARN_BLOCK_CAPTURE_AUTORELEASING = YES;
				CLANG_WARN_BOOL_CONVERSION = YES;
				CLANG_WARN_COMMA = YES;
				CLANG_WARN_CONSTANT_CONVERSION = YES;
				CLANG_WARN_DEPRECATED_OBJC_IMPLEMENTATIONS = YES;
				CLANG_WARN_DIRECT_OBJC_ISA_USAGE = YES_ERROR;
				CLANG_WARN_DOCUMENTATION_COMMENTS = YES;
				CLANG_WARN_EMPTY_BODY = YES;
				CLANG_WARN_ENUM_CONVERSION = YES;
				CLANG_WARN_INFINITE_RECURSION = YES;
				CLANG_WARN_INT_CONVERSION = YES;
				CLANG_WARN_NON_LITERAL_NULL_CONVERSION = YES;
				CLANG_WARN_OBJC_IMPLICIT_RETAIN_SELF = YES;
				CLANG_WARN_OBJC_LITERAL_CONVERSION = YES;
				CLANG_WARN_OBJC_ROOT_CLASS = YES_ERROR;
				CLANG_WARN_QUOTED_INCLUDE_IN_FRAMEWORK_HEADER = YES;
				CLANG_WARN_RANGE_LOOP_ANALYSIS = YES;
				CLANG_WARN_STRICT_PROTOTYPES = YES;
				CLANG_WARN_SUSPICIOUS_MOVE = YES;
				CLANG_WARN_UNGUARDED_AVAILABILITY = YES_AGGRESSIVE;
				CLANG_WARN_UNREACHABLE_CODE = YES;
				CLANG_WARN__DUPLICATE_METHOD_MATCH = YES;
				COPY_PHASE_STRIP = NO;
				DEBUG_INFORMATION_FORMAT = "dwarf-with-dsym";
				ENABLE_NS_ASSERTIONS = NO;
				ENABLE_STRICT_OBJC_MSGSEND = YES;
				GCC_C_LANGUAGE_STANDARD = gnu11;
				GCC_NO_COMMON_BLOCKS = YES;
				GCC_WARN_64_TO_32_BIT_CONVERSION = YES;
				GCC_WARN_ABOUT_RETURN_TYPE = YES_ERROR;
				GCC_WARN_UNDECLARED_SELECTOR = YES;
				GCC_WARN_UNINITIALIZED_AUTOS = YES_AGGRESSIVE;
				GCC_WARN_UNUSED_FUNCTION = YES;
				GCC_WARN_UNUSED_VARIABLE = YES;
				MTL_ENABLE_DEBUG_INFO = NO;
				MTL_FAST_MATH = YES;
				SWIFT_COMPILATION_MODE = wholemodule;
				SWIFT_OPTIMIZATION_LEVEL = "-O";
			};
			name = Release;
		};
		35A73FB9298234A100A016CD /* Debug */ = {
			isa = XCBuildConfiguration;
			buildSettings = {
				ASSETCATALOG_COMPILER_APPICON_NAME = AppIcon;
				ASSETCATALOG_COMPILER_GLOBAL_ACCENT_COLOR_NAME = AccentColor;
				CODE_SIGN_ENTITLEMENTS = "CODE PATH LEARNING/CODE_PATH_LEARNING.entitlements";
				CODE_SIGN_STYLE = Automatic;
				CURRENT_PROJECT_VERSION = 1;
				DEVELOPMENT_ASSET_PATHS = "\"CODE PATH LEARNING/Preview Content\"";
				ENABLE_PREVIEWS = YES;
				GENERATE_INFOPLIST_FILE = YES;
				"INFOPLIST_KEY_UIApplicationSceneManifest_Generation[sdk=iphoneos*]" = YES;
				"INFOPLIST_KEY_UIApplicationSceneManifest_Generation[sdk=iphonesimulator*]" = YES;
				"INFOPLIST_KEY_UIApplicationSupportsIndirectInputEvents[sdk=iphoneos*]" = YES;
				"INFOPLIST_KEY_UIApplicationSupportsIndirectInputEvents[sdk=iphonesimulator*]" = YES;
				"INFOPLIST_KEY_UILaunchScreen_Generation[sdk=iphoneos*]" = YES;
				"INFOPLIST_KEY_UILaunchScreen_Generation[sdk=iphonesimulator*]" = YES;
				"INFOPLIST_KEY_UIStatusBarStyle[sdk=iphoneos*]" = UIStatusBarStyleDefault;
				"INFOPLIST_KEY_UIStatusBarStyle[sdk=iphonesimulator*]" = UIStatusBarStyleDefault;
				INFOPLIST_KEY_UISupportedInterfaceOrientations_iPad = "UIInterfaceOrientationPortrait UIInterfaceOrientationPortraitUpsideDown UIInterfaceOrientationLandscapeLeft UIInterfaceOrientationLandscapeRight";
				INFOPLIST_KEY_UISupportedInterfaceOrientations_iPhone = "UIInterfaceOrientationPortrait UIInterfaceOrientationLandscapeLeft UIInterfaceOrientationLandscapeRight";
				IPHONEOS_DEPLOYMENT_TARGET = 16.2;
				LD_RUNPATH_SEARCH_PATHS = "@executable_path/Frameworks";
				"LD_RUNPATH_SEARCH_PATHS[sdk=macosx*]" = "@executable_path/../Frameworks";
				MACOSX_DEPLOYMENT_TARGET = 12.6;
				MARKETING_VERSION = 1.0;
				PRODUCT_BUNDLE_IDENTIFIER = "Codepath.CODE-PATH-LEARNING";
				PRODUCT_NAME = "$(TARGET_NAME)";
				SDKROOT = auto;
				SUPPORTED_PLATFORMS = "iphoneos iphonesimulator macosx";
				SWIFT_EMIT_LOC_STRINGS = YES;
				SWIFT_VERSION = 5.0;
				TARGETED_DEVICE_FAMILY = "1,2";
			};
			name = Debug;
		};
		35A73FBA298234A100A016CD /* Release */ = {
			isa = XCBuildConfiguration;
			buildSettings = {
				ASSETCATALOG_COMPILER_APPICON_NAME = AppIcon;
				ASSETCATALOG_COMPILER_GLOBAL_ACCENT_COLOR_NAME = AccentColor;
				CODE_SIGN_ENTITLEMENTS = "CODE PATH LEARNING/CODE_PATH_LEARNING.entitlements";
				CODE_SIGN_STYLE = Automatic;
				CURRENT_PROJECT_VERSION = 1;
				DEVELOPMENT_ASSET_PATHS = "\"CODE PATH LEARNING/Preview Content\"";
				ENABLE_PREVIEWS = YES;
				GENERATE_INFOPLIST_FILE = YES;
				"INFOPLIST_KEY_UIApplicationSceneManifest_Generation[sdk=iphoneos*]" = YES;
				"INFOPLIST_KEY_UIApplicationSceneManifest_Generation[sdk=iphonesimulator*]" = YES;
				"INFOPLIST_KEY_UIApplicationSupportsIndirectInputEvents[sdk=iphoneos*]" = YES;
				"INFOPLIST_KEY_UIApplicationSupportsIndirectInputEvents[sdk=iphonesimulator*]" = YES;
				"INFOPLIST_KEY_UILaunchScreen_Generation[sdk=iphoneos*]" = YES;
				"INFOPLIST_KEY_UILaunchScreen_Generation[sdk=iphonesimulator*]" = YES;
				"INFOPLIST_KEY_UIStatusBarStyle[sdk=iphoneos*]" = UIStatusBarStyleDefault;
				"INFOPLIST_KEY_UIStatusBarStyle[sdk=iphonesimulator*]" = UIStatusBarStyleDefault;
				INFOPLIST_KEY_UISupportedInterfaceOrientations_iPad = "UIInterfaceOrientationPortrait UIInterfaceOrientationPortraitUpsideDown UIInterfaceOrientationLandscapeLeft UIInterfaceOrientationLandscapeRight";
				INFOPLIST_KEY_UISupportedInterfaceOrientations_iPhone = "UIInterfaceOrientationPortrait UIInterfaceOrientationLandscapeLeft UIInterfaceOrientationLandscapeRight";
				IPHONEOS_DEPLOYMENT_TARGET = 16.2;
				LD_RUNPATH_SEARCH_PATHS = "@executable_path/Frameworks";
				"LD_RUNPATH_SEARCH_PATHS[sdk=macosx*]" = "@executable_path/../Frameworks";
				MACOSX_DEPLOYMENT_TARGET = 12.6;
				MARKETING_VERSION = 1.0;
				PRODUCT_BUNDLE_IDENTIFIER = "Codepath.CODE-PATH-LEARNING";
				PRODUCT_NAME = "$(TARGET_NAME)";
				SDKROOT = auto;
				SUPPORTED_PLATFORMS = "iphoneos iphonesimulator macosx";
				SWIFT_EMIT_LOC_STRINGS = YES;
				SWIFT_VERSION = 5.0;
				TARGETED_DEVICE_FAMILY = "1,2";
			};
			name = Release;
		};
		35A73FBC298234A100A016CD /* Debug */ = {
			isa = XCBuildConfiguration;
			buildSettings = {
				ALWAYS_EMBED_SWIFT_STANDARD_LIBRARIES = YES;
				BUNDLE_LOADER = "$(TEST_HOST)";
				CODE_SIGN_STYLE = Automatic;
				CURRENT_PROJECT_VERSION = 1;
				GENERATE_INFOPLIST_FILE = YES;
				IPHONEOS_DEPLOYMENT_TARGET = 16.2;
				MACOSX_DEPLOYMENT_TARGET = 12.6;
				MARKETING_VERSION = 1.0;
				PRODUCT_BUNDLE_IDENTIFIER = "Codepath.CODE-PATH-LEARNINGTests";
				PRODUCT_NAME = "$(TARGET_NAME)";
				SDKROOT = auto;
				SUPPORTED_PLATFORMS = "iphoneos iphonesimulator macosx";
				SWIFT_EMIT_LOC_STRINGS = NO;
				SWIFT_VERSION = 5.0;
				TARGETED_DEVICE_FAMILY = "1,2";
				TEST_HOST = "$(BUILT_PRODUCTS_DIR)/CODE PATH LEARNING.app/$(BUNDLE_EXECUTABLE_FOLDER_PATH)/CODE PATH LEARNING";
			};
			name = Debug;
		};
		35A73FBD298234A100A016CD /* Release */ = {
			isa = XCBuildConfiguration;
			buildSettings = {
				ALWAYS_EMBED_SWIFT_STANDARD_LIBRARIES = YES;
				BUNDLE_LOADER = "$(TEST_HOST)";
				CODE_SIGN_STYLE = Automatic;
				CURRENT_PROJECT_VERSION = 1;
				GENERATE_INFOPLIST_FILE = YES;
				IPHONEOS_DEPLOYMENT_TARGET = 16.2;
				MACOSX_DEPLOYMENT_TARGET = 12.6;
				MARKETING_VERSION = 1.0;
				PRODUCT_BUNDLE_IDENTIFIER = "Codepath.CODE-PATH-LEARNINGTests";
				PRODUCT_NAME = "$(TARGET_NAME)";
				SDKROOT = auto;
				SUPPORTED_PLATFORMS = "iphoneos iphonesimulator macosx";
				SWIFT_EMIT_LOC_STRINGS = NO;
				SWIFT_VERSION = 5.0;
				TARGETED_DEVICE_FAMILY = "1,2";
				TEST_HOST = "$(BUILT_PRODUCTS_DIR)/CODE PATH LEARNING.app/$(BUNDLE_EXECUTABLE_FOLDER_PATH)/CODE PATH LEARNING";
			};
			name = Release;
		};
		35A73FBF298234A100A016CD /* Debug */ = {
			isa = XCBuildConfiguration;
			buildSettings = {
				ALWAYS_EMBED_SWIFT_STANDARD_LIBRARIES = YES;
				CODE_SIGN_STYLE = Automatic;
				CURRENT_PROJECT_VERSION = 1;
				GENERATE_INFOPLIST_FILE = YES;
				IPHONEOS_DEPLOYMENT_TARGET = 16.2;
				MACOSX_DEPLOYMENT_TARGET = 12.6;
				MARKETING_VERSION = 1.0;
				PRODUCT_BUNDLE_IDENTIFIER = "Codepath.CODE-PATH-LEARNINGUITests";
				PRODUCT_NAME = "$(TARGET_NAME)";
				SDKROOT = auto;
				SUPPORTED_PLATFORMS = "iphoneos iphonesimulator macosx";
				SWIFT_EMIT_LOC_STRINGS = NO;
				SWIFT_VERSION = 5.0;
				TARGETED_DEVICE_FAMILY = "1,2";
				TEST_TARGET_NAME = "CODE PATH LEARNING";
			};
			name = Debug;
		};
		35A73FC0298234A100A016CD /* Release */ = {
			isa = XCBuildConfiguration;
			buildSettings = {
				ALWAYS_EMBED_SWIFT_STANDARD_LIBRARIES = YES;
				CODE_SIGN_STYLE = Automatic;
				CURRENT_PROJECT_VERSION = 1;
				GENERATE_INFOPLIST_FILE = YES;
				IPHONEOS_DEPLOYMENT_TARGET = 16.2;
				MACOSX_DEPLOYMENT_TARGET = 12.6;
				MARKETING_VERSION = 1.0;
				PRODUCT_BUNDLE_IDENTIFIER = "Codepath.CODE-PATH-LEARNINGUITests";
				PRODUCT_NAME = "$(TARGET_NAME)";
				SDKROOT = auto;
				SUPPORTED_PLATFORMS = "iphoneos iphonesimulator macosx";
				SWIFT_EMIT_LOC_STRINGS = NO;
				SWIFT_VERSION = 5.0;
				TARGETED_DEVICE_FAMILY = "1,2";
				TEST_TARGET_NAME = "CODE PATH LEARNING";
			};
			name = Release;
		};
/* End XCBuildConfiguration section */

/* Begin XCConfigurationList section */
		35A73F8E2982349F00A016CD /* Build configuration list for PBXProject "CODE PATH LEARNING" */ = {
			isa = XCConfigurationList;
			buildConfigurations = (
				35A73FB6298234A100A016CD /* Debug */,
				35A73FB7298234A100A016CD /* Release */,
			);
			defaultConfigurationIsVisible = 0;
			defaultConfigurationName = Release;
		};
		35A73FB8298234A100A016CD /* Build configuration list for PBXNativeTarget "CODE PATH LEARNING" */ = {
			isa = XCConfigurationList;
			buildConfigurations = (
				35A73FB9298234A100A016CD /* Debug */,
				35A73FBA298234A100A016CD /* Release */,
			);
			defaultConfigurationIsVisible = 0;
			defaultConfigurationName = Release;
		};
		35A73FBB298234A100A016CD /* Build configuration list for PBXNativeTarget "CODE PATH LEARNINGTests" */ = {
			isa = XCConfigurationList;
			buildConfigurations = (
				35A73FBC298234A100A016CD /* Debug */,
				35A73FBD298234A100A016CD /* Release */,
			);
			defaultConfigurationIsVisible = 0;
			defaultConfigurationName = Release;
		};
		35A73FBE298234A100A016CD /* Build configuration list for PBXNativeTarget "CODE PATH LEARNINGUITests" */ = {
			isa = XCConfigurationList;
			buildConfigurations = (
				35A73FBF298234A100A016CD /* Debug */,
				35A73FC0298234A100A016CD /* Release */,
			);
			defaultConfigurationIsVisible = 0;
			defaultConfigurationName = Release;
		};
/* End XCConfigurationList section */
	};
	rootObject = 35A73F8B2982349F00A016CD /* Project object */;
}
